
Microsoft Visual Studio Solution File, Format Version 12.00
# Visual Studio Version 17
VisualStudioVersion = 17.14.36221.1
MinimumVisualStudioVersion = 10.0.40219.1
Project("{FAE04EC0-301F-11D3-BF4B-00C04F79EFBC}") = "AStar.Dev.Technical.Debt.Reporting", "support\AStar.Dev.Technical.Debt.Reporting\AStar.Dev.Technical.Debt.Reporting.csproj", "{08DE9921-9593-4530-B062-84A41A6FAA90}"
EndProject
Project("{FAE04EC0-301F-11D3-BF4B-00C04F79EFBC}") = "AStar.Dev.Utilities", "support\AStar.Dev.Utilities\AStar.Dev.Utilities.csproj", "{28720605-9CA9-4A33-BB00-655F4B76CA19}"
EndProject
Project("{FAE04EC0-301F-11D3-BF4B-00C04F79EFBC}") = "AStar.Dev.Infrastructure.FilesDb.Tests.Integration", "test\AStar.Dev.Infrastructure.FilesDb.Tests.Unit\AStar.Dev.Infrastructure.FilesDb.Tests.Integration.csproj", "{2860766A-6251-4874-9535-199ED5E29AA0}"
EndProject
Project("{FAE04EC0-301F-11D3-BF4B-00C04F79EFBC}") = "DbContextHelpers", "support\DbContextHelpers\DbContextHelpers.csproj", "{FE38F9CD-8573-44D1-A03F-73D318B6E86D}"
EndProject
Project("{2150E333-8FDC-42A3-9474-1A3956D46DE8}") = "Solution Items", "Solution Items", "{02EA681E-C7D8-13C7-8484-4AC65E1B71E8}"
	ProjectSection(SolutionItems) = preProject
		.editorconfig = .editorconfig
	EndProjectSection
EndProject
Project("{2150E333-8FDC-42A3-9474-1A3956D46DE8}") = ".github", ".github", "{EB916946-4AEB-4F7A-B6AF-E270D6574EC0}"
	ProjectSection(SolutionItems) = preProject
		.github\dependabot.yml = .github\dependabot.yml
	EndProjectSection
EndProject
Project("{2150E333-8FDC-42A3-9474-1A3956D46DE8}") = "workflows", "workflows", "{1B8EF033-F575-495D-BC9C-D0539E66EC28}"
	ProjectSection(SolutionItems) = preProject
		.github\workflows\main_astar-dev.yml = .github\workflows\main_astar-dev.yml
	EndProjectSection
EndProject
Project("{2150E333-8FDC-42A3-9474-1A3956D46DE8}") = "src", "src", "{D61F13DC-3A32-42BE-8687-F795D7332A51}"
EndProject
Project("{2150E333-8FDC-42A3-9474-1A3956D46DE8}") = "test", "test", "{D96E7D57-B3CF-4792-8532-59F03453A8B6}"
EndProject
Project("{2150E333-8FDC-42A3-9474-1A3956D46DE8}") = "support", "support", "{F06BC983-3361-41B2-B64F-7A77A2E32782}"
EndProject
Project("{FAE04EC0-301F-11D3-BF4B-00C04F79EFBC}") = "AStar.Dev.Infrastructure", "src\AStar.Dev.Infrastructure\AStar.Dev.Infrastructure.csproj", "{C00B2A62-E46E-4F6E-BC8A-39088261A17E}"
EndProject
Project("{FAE04EC0-301F-11D3-BF4B-00C04F79EFBC}") = "AStar.Dev.Infrastructure.FilesDb", "src\AStar.Dev.Infrastructure.FilesDb\AStar.Dev.Infrastructure.FilesDb.csproj", "{626B3E85-6C5D-4D8B-96BB-BF2D375326CA}"
EndProject
Global
	GlobalSection(SolutionConfigurationPlatforms) = preSolution
		Debug|Any CPU = Debug|Any CPU
		Release|Any CPU = Release|Any CPU
	EndGlobalSection
	GlobalSection(ProjectConfigurationPlatforms) = postSolution
		{08DE9921-9593-4530-B062-84A41A6FAA90}.Debug|Any CPU.ActiveCfg = Debug|Any CPU
		{08DE9921-9593-4530-B062-84A41A6FAA90}.Debug|Any CPU.Build.0 = Debug|Any CPU
		{08DE9921-9593-4530-B062-84A41A6FAA90}.Release|Any CPU.ActiveCfg = Release|Any CPU
		{08DE9921-9593-4530-B062-84A41A6FAA90}.Release|Any CPU.Build.0 = Release|Any CPU
		{28720605-9CA9-4A33-BB00-655F4B76CA19}.Debug|Any CPU.ActiveCfg = Debug|Any CPU
		{28720605-9CA9-4A33-BB00-655F4B76CA19}.Debug|Any CPU.Build.0 = Debug|Any CPU
		{28720605-9CA9-4A33-BB00-655F4B76CA19}.Release|Any CPU.ActiveCfg = Release|Any CPU
		{28720605-9CA9-4A33-BB00-655F4B76CA19}.Release|Any CPU.Build.0 = Release|Any CPU
		{2860766A-6251-4874-9535-199ED5E29AA0}.Debug|Any CPU.ActiveCfg = Debug|Any CPU
		{2860766A-6251-4874-9535-199ED5E29AA0}.Debug|Any CPU.Build.0 = Debug|Any CPU
		{2860766A-6251-4874-9535-199ED5E29AA0}.Release|Any CPU.ActiveCfg = Release|Any CPU
		{2860766A-6251-4874-9535-199ED5E29AA0}.Release|Any CPU.Build.0 = Release|Any CPU
		{FE38F9CD-8573-44D1-A03F-73D318B6E86D}.Debug|Any CPU.ActiveCfg = Debug|Any CPU
		{FE38F9CD-8573-44D1-A03F-73D318B6E86D}.Debug|Any CPU.Build.0 = Debug|Any CPU
		{FE38F9CD-8573-44D1-A03F-73D318B6E86D}.Release|Any CPU.ActiveCfg = Release|Any CPU
		{FE38F9CD-8573-44D1-A03F-73D318B6E86D}.Release|Any CPU.Build.0 = Release|Any CPU
		{C00B2A62-E46E-4F6E-BC8A-39088261A17E}.Debug|Any CPU.ActiveCfg = Debug|Any CPU
		{C00B2A62-E46E-4F6E-BC8A-39088261A17E}.Debug|Any CPU.Build.0 = Debug|Any CPU
		{C00B2A62-E46E-4F6E-BC8A-39088261A17E}.Release|Any CPU.ActiveCfg = Release|Any CPU
		{C00B2A62-E46E-4F6E-BC8A-39088261A17E}.Release|Any CPU.Build.0 = Release|Any CPU
		{626B3E85-6C5D-4D8B-96BB-BF2D375326CA}.Debug|Any CPU.ActiveCfg = Debug|Any CPU
		{626B3E85-6C5D-4D8B-96BB-BF2D375326CA}.Debug|Any CPU.Build.0 = Debug|Any CPU
		{626B3E85-6C5D-4D8B-96BB-BF2D375326CA}.Release|Any CPU.ActiveCfg = Release|Any CPU
		{626B3E85-6C5D-4D8B-96BB-BF2D375326CA}.Release|Any CPU.Build.0 = Release|Any CPU
	EndGlobalSection
	GlobalSection(SolutionProperties) = preSolution
		HideSolutionNode = FALSE
	EndGlobalSection
	GlobalSection(ExtensibilityGlobals) = postSolution
		SolutionGuid = {7F8498D7-2757-4147-B9D5-02595469FE7A}
	EndGlobalSection
	GlobalSection(NestedProjects) = preSolution
		{EB916946-4AEB-4F7A-B6AF-E270D6574EC0} = {02EA681E-C7D8-13C7-8484-4AC65E1B71E8}
		{1B8EF033-F575-495D-BC9C-D0539E66EC28} = {EB916946-4AEB-4F7A-B6AF-E270D6574EC0}
		{2860766A-6251-4874-9535-199ED5E29AA0} = {D96E7D57-B3CF-4792-8532-59F03453A8B6}
		{08DE9921-9593-4530-B062-84A41A6FAA90} = {F06BC983-3361-41B2-B64F-7A77A2E32782}
		{28720605-9CA9-4A33-BB00-655F4B76CA19} = {F06BC983-3361-41B2-B64F-7A77A2E32782}
		{FE38F9CD-8573-44D1-A03F-73D318B6E86D} = {F06BC983-3361-41B2-B64F-7A77A2E32782}
		{C00B2A62-E46E-4F6E-BC8A-39088261A17E} = {D61F13DC-3A32-42BE-8687-F795D7332A51}
		{626B3E85-6C5D-4D8B-96BB-BF2D375326CA} = {D61F13DC-3A32-42BE-8687-F795D7332A51}
	EndGlobalSection
EndGlobal
